
Microsoft Visual Studio Solution File, Format Version 12.00
Project("{FAE04EC0-301F-11D3-BF4B-00C04F79EFBC}") = "PGS.TemplatePlaceholderBot", "PGS.TemplatePlaceholderBot\PGS.TemplatePlaceholderBot.csproj", "{169D0CA8-5CD3-4EFC-924E-9BC4380CBAF6}"
EndProject
Global
	GlobalSection(SolutionConfigurationPlatforms) = preSolution
		Debug|Any CPU = Debug|Any CPU
		Release|Any CPU = Release|Any CPU
	EndGlobalSection
	GlobalSection(ProjectConfigurationPlatforms) = postSolution
		{169D0CA8-5CD3-4EFC-924E-9BC4380CBAF6}.Debug|Any CPU.ActiveCfg = Debug|Any CPU
		{169D0CA8-5CD3-4EFC-924E-9BC4380CBAF6}.Debug|Any CPU.Build.0 = Debug|Any CPU
		{169D0CA8-5CD3-4EFC-924E-9BC4380CBAF6}.Release|Any CPU.ActiveCfg = Release|Any CPU
		{169D0CA8-5CD3-4EFC-924E-9BC4380CBAF6}.Release|Any CPU.Build.0 = Release|Any CPU
	EndGlobalSection
EndGlobal
